
Microsoft Visual Studio Solution File, Format Version 12.00
# Visual Studio Version 17
VisualStudioVersion = 17.5.33424.131
MinimumVisualStudioVersion = 10.0.40219.1
Project("{FAE04EC0-301F-11D3-BF4B-00C04F79EFBC}") = "RecipeSoftware_Part2", "RecipeSoftware_Part2\RecipeSoftware_Part2.csproj", "{A615CC3C-138F-402F-940D-BE8F873658DF}"
EndProject
Global
	GlobalSection(SolutionConfigurationPlatforms) = preSolution
		Debug|Any CPU = Debug|Any CPU
		Release|Any CPU = Release|Any CPU
	EndGlobalSection
	GlobalSection(ProjectConfigurationPlatforms) = postSolution
		{A615CC3C-138F-402F-940D-BE8F873658DF}.Debug|Any CPU.ActiveCfg = Debug|Any CPU
		{A615CC3C-138F-402F-940D-BE8F873658DF}.Debug|Any CPU.Build.0 = Debug|Any CPU
		{A615CC3C-138F-402F-940D-BE8F873658DF}.Release|Any CPU.ActiveCfg = Release|Any CPU
		{A615CC3C-138F-402F-940D-BE8F873658DF}.Release|Any CPU.Build.0 = Release|Any CPU
	EndGlobalSection
	GlobalSection(SolutionProperties) = preSolution
		HideSolutionNode = FALSE
	EndGlobalSection
	GlobalSection(ExtensibilityGlobals) = postSolution
		SolutionGuid = {5DF86778-6C73-4B5D-B30E-CCB9F788E380}
	EndGlobalSection
EndGlobal
